
Microsoft Visual Studio Solution File, Format Version 12.00
# Visual Studio Version 17
VisualStudioVersion = 17.0.31903.59
MinimumVisualStudioVersion = 10.0.40219.1
Project("{FAE04EC0-301F-11D3-BF4B-00C04F79EFBC}") = "API", "API\API.csproj", "{A00B8C1A-AA5D-41A4-A1AE-C242C255273E}"
EndProject
Project("{FAE04EC0-301F-11D3-BF4B-00C04F79EFBC}") = "Persistence", "Persistence\Persistence.csproj", "{77AA2D91-065F-4C87-A1F5-D2D83EF07A13}"
EndProject
Project("{FAE04EC0-301F-11D3-BF4B-00C04F79EFBC}") = "Application", "Application\Application.csproj", "{EE6B20D9-754E-43C9-9852-DDD4E6D8BC5F}"
EndProject
Project("{FAE04EC0-301F-11D3-BF4B-00C04F79EFBC}") = "Domain", "Domain\Domain.csproj", "{B12CB773-C414-49B4-A5BE-765CB2E8376F}"
EndProject
Global
	GlobalSection(SolutionConfigurationPlatforms) = preSolution
		Debug|Any CPU = Debug|Any CPU
		Debug|x64 = Debug|x64
		Debug|x86 = Debug|x86
		Release|Any CPU = Release|Any CPU
		Release|x64 = Release|x64
		Release|x86 = Release|x86
	EndGlobalSection
	GlobalSection(ProjectConfigurationPlatforms) = postSolution
		{A00B8C1A-AA5D-41A4-A1AE-C242C255273E}.Debug|Any CPU.ActiveCfg = Debug|Any CPU
		{A00B8C1A-AA5D-41A4-A1AE-C242C255273E}.Debug|Any CPU.Build.0 = Debug|Any CPU
		{A00B8C1A-AA5D-41A4-A1AE-C242C255273E}.Debug|x64.ActiveCfg = Debug|Any CPU
		{A00B8C1A-AA5D-41A4-A1AE-C242C255273E}.Debug|x64.Build.0 = Debug|Any CPU
		{A00B8C1A-AA5D-41A4-A1AE-C242C255273E}.Debug|x86.ActiveCfg = Debug|Any CPU
		{A00B8C1A-AA5D-41A4-A1AE-C242C255273E}.Debug|x86.Build.0 = Debug|Any CPU
		{A00B8C1A-AA5D-41A4-A1AE-C242C255273E}.Release|Any CPU.ActiveCfg = Release|Any CPU
		{A00B8C1A-AA5D-41A4-A1AE-C242C255273E}.Release|Any CPU.Build.0 = Release|Any CPU
		{A00B8C1A-AA5D-41A4-A1AE-C242C255273E}.Release|x64.ActiveCfg = Release|Any CPU
		{A00B8C1A-AA5D-41A4-A1AE-C242C255273E}.Release|x64.Build.0 = Release|Any CPU
		{A00B8C1A-AA5D-41A4-A1AE-C242C255273E}.Release|x86.ActiveCfg = Release|Any CPU
		{A00B8C1A-AA5D-41A4-A1AE-C242C255273E}.Release|x86.Build.0 = Release|Any CPU
		{77AA2D91-065F-4C87-A1F5-D2D83EF07A13}.Debug|Any CPU.ActiveCfg = Debug|Any CPU
		{77AA2D91-065F-4C87-A1F5-D2D83EF07A13}.Debug|Any CPU.Build.0 = Debug|Any CPU
		{77AA2D91-065F-4C87-A1F5-D2D83EF07A13}.Debug|x64.ActiveCfg = Debug|Any CPU
		{77AA2D91-065F-4C87-A1F5-D2D83EF07A13}.Debug|x64.Build.0 = Debug|Any CPU
		{77AA2D91-065F-4C87-A1F5-D2D83EF07A13}.Debug|x86.ActiveCfg = Debug|Any CPU
		{77AA2D91-065F-4C87-A1F5-D2D83EF07A13}.Debug|x86.Build.0 = Debug|Any CPU
		{77AA2D91-065F-4C87-A1F5-D2D83EF07A13}.Release|Any CPU.ActiveCfg = Release|Any CPU
		{77AA2D91-065F-4C87-A1F5-D2D83EF07A13}.Release|Any CPU.Build.0 = Release|Any CPU
		{77AA2D91-065F-4C87-A1F5-D2D83EF07A13}.Release|x64.ActiveCfg = Release|Any CPU
		{77AA2D91-065F-4C87-A1F5-D2D83EF07A13}.Release|x64.Build.0 = Release|Any CPU
		{77AA2D91-065F-4C87-A1F5-D2D83EF07A13}.Release|x86.ActiveCfg = Release|Any CPU
		{77AA2D91-065F-4C87-A1F5-D2D83EF07A13}.Release|x86.Build.0 = Release|Any CPU
		{EE6B20D9-754E-43C9-9852-DDD4E6D8BC5F}.Debug|Any CPU.ActiveCfg = Debug|Any CPU
		{EE6B20D9-754E-43C9-9852-DDD4E6D8BC5F}.Debug|Any CPU.Build.0 = Debug|Any CPU
		{EE6B20D9-754E-43C9-9852-DDD4E6D8BC5F}.Debug|x64.ActiveCfg = Debug|Any CPU
		{EE6B20D9-754E-43C9-9852-DDD4E6D8BC5F}.Debug|x64.Build.0 = Debug|Any CPU
		{EE6B20D9-754E-43C9-9852-DDD4E6D8BC5F}.Debug|x86.ActiveCfg = Debug|Any CPU
		{EE6B20D9-754E-43C9-9852-DDD4E6D8BC5F}.Debug|x86.Build.0 = Debug|Any CPU
		{EE6B20D9-754E-43C9-9852-DDD4E6D8BC5F}.Release|Any CPU.ActiveCfg = Release|Any CPU
		{EE6B20D9-754E-43C9-9852-DDD4E6D8BC5F}.Release|Any CPU.Build.0 = Release|Any CPU
		{EE6B20D9-754E-43C9-9852-DDD4E6D8BC5F}.Release|x64.ActiveCfg = Release|Any CPU
		{EE6B20D9-754E-43C9-9852-DDD4E6D8BC5F}.Release|x64.Build.0 = Release|Any CPU
		{EE6B20D9-754E-43C9-9852-DDD4E6D8BC5F}.Release|x86.ActiveCfg = Release|Any CPU
		{EE6B20D9-754E-43C9-9852-DDD4E6D8BC5F}.Release|x86.Build.0 = Release|Any CPU
		{B12CB773-C414-49B4-A5BE-765CB2E8376F}.Debug|Any CPU.ActiveCfg = Debug|Any CPU
		{B12CB773-C414-49B4-A5BE-765CB2E8376F}.Debug|Any CPU.Build.0 = Debug|Any CPU
		{B12CB773-C414-49B4-A5BE-765CB2E8376F}.Debug|x64.ActiveCfg = Debug|Any CPU
		{B12CB773-C414-49B4-A5BE-765CB2E8376F}.Debug|x64.Build.0 = Debug|Any CPU
		{B12CB773-C414-49B4-A5BE-765CB2E8376F}.Debug|x86.ActiveCfg = Debug|Any CPU
		{B12CB773-C414-49B4-A5BE-765CB2E8376F}.Debug|x86.Build.0 = Debug|Any CPU
		{B12CB773-C414-49B4-A5BE-765CB2E8376F}.Release|Any CPU.ActiveCfg = Release|Any CPU
		{B12CB773-C414-49B4-A5BE-765CB2E8376F}.Release|Any CPU.Build.0 = Release|Any CPU
		{B12CB773-C414-49B4-A5BE-765CB2E8376F}.Release|x64.ActiveCfg = Release|Any CPU
		{B12CB773-C414-49B4-A5BE-765CB2E8376F}.Release|x64.Build.0 = Release|Any CPU
		{B12CB773-C414-49B4-A5BE-765CB2E8376F}.Release|x86.ActiveCfg = Release|Any CPU
		{B12CB773-C414-49B4-A5BE-765CB2E8376F}.Release|x86.Build.0 = Release|Any CPU
	EndGlobalSection
	GlobalSection(SolutionProperties) = preSolution
		HideSolutionNode = FALSE
	EndGlobalSection
EndGlobal
